
Microsoft Visual Studio Solution File, Format Version 11.00
# Visual Studio 2010
Project("{FAE04EC0-301F-11D3-BF4B-00C04F79EFBC}") = "Salient.HTTPArchiveModel", "Salient.HTTPArchiveModel\Salient.HTTPArchiveModel.csproj", "{C4E3839D-7607-4B2D-B261-69170E3B66D8}"
EndProject
Global
	GlobalSection(SolutionConfigurationPlatforms) = preSolution
		Debug|Any CPU = Debug|Any CPU
		Release|Any CPU = Release|Any CPU
	EndGlobalSection
	GlobalSection(ProjectConfigurationPlatforms) = postSolution
		{C4E3839D-7607-4B2D-B261-69170E3B66D8}.Debug|Any CPU.ActiveCfg = Debug|Any CPU
		{C4E3839D-7607-4B2D-B261-69170E3B66D8}.Debug|Any CPU.Build.0 = Debug|Any CPU
		{C4E3839D-7607-4B2D-B261-69170E3B66D8}.Release|Any CPU.ActiveCfg = Release|Any CPU
		{C4E3839D-7607-4B2D-B261-69170E3B66D8}.Release|Any CPU.Build.0 = Release|Any CPU
	EndGlobalSection
	GlobalSection(SolutionProperties) = preSolution
		HideSolutionNode = FALSE
	EndGlobalSection
EndGlobal
